
Microsoft Visual Studio Solution File, Format Version 12.00
# Visual Studio 14
VisualStudioVersion = 14.0.25420.1
MinimumVisualStudioVersion = 10.0.40219.1
Project("{FAE04EC0-301F-11D3-BF4B-00C04F79EFBC}") = "ChromecastSender", "ChromecastSender.csproj", "{AC35167A-7B06-4D16-88E3-B0893BE7E540}"
EndProject
Global
	GlobalSection(SolutionConfigurationPlatforms) = preSolution
		Debug|Any CPU = Debug|Any CPU
		Release|Any CPU = Release|Any CPU
	EndGlobalSection
	GlobalSection(ProjectConfigurationPlatforms) = postSolution
		{AC35167A-7B06-4D16-88E3-B0893BE7E540}.Debug|Any CPU.ActiveCfg = Debug|Any CPU
		{AC35167A-7B06-4D16-88E3-B0893BE7E540}.Debug|Any CPU.Build.0 = Debug|Any CPU
		{AC35167A-7B06-4D16-88E3-B0893BE7E540}.Release|Any CPU.ActiveCfg = Release|Any CPU
		{AC35167A-7B06-4D16-88E3-B0893BE7E540}.Release|Any CPU.Build.0 = Release|Any CPU
	EndGlobalSection
	GlobalSection(SolutionProperties) = preSolution
		HideSolutionNode = FALSE
	EndGlobalSection
EndGlobal
